
Microsoft Visual Studio Solution File, Format Version 12.00
# Visual Studio Version 17
VisualStudioVersion = 17.3.32825.248
MinimumVisualStudioVersion = 10.0.40219.1
Project("{FAE04EC0-301F-11D3-BF4B-00C04F79EFBC}") = "Blazor_manyTomany_Dapper", "Blazor_manyTomany_Dapper\Blazor_manyTomany_Dapper.csproj", "{D18C59DD-6FCB-4A53-B047-BF6B1B49316E}"
EndProject
Project("{2150E333-8FDC-42A3-9474-1A3956D46DE8}") = "Элементы решения", "Элементы решения", "{61A2DA14-AC49-4B67-9FC9-E861F667B26E}"
	ProjectSection(SolutionItems) = preProject
		database_sql.sql = database_sql.sql
	EndProjectSection
EndProject
Global
	GlobalSection(SolutionConfigurationPlatforms) = preSolution
		Debug|Any CPU = Debug|Any CPU
		Release|Any CPU = Release|Any CPU
	EndGlobalSection
	GlobalSection(ProjectConfigurationPlatforms) = postSolution
		{D18C59DD-6FCB-4A53-B047-BF6B1B49316E}.Debug|Any CPU.ActiveCfg = Debug|Any CPU
		{D18C59DD-6FCB-4A53-B047-BF6B1B49316E}.Debug|Any CPU.Build.0 = Debug|Any CPU
		{D18C59DD-6FCB-4A53-B047-BF6B1B49316E}.Release|Any CPU.ActiveCfg = Release|Any CPU
		{D18C59DD-6FCB-4A53-B047-BF6B1B49316E}.Release|Any CPU.Build.0 = Release|Any CPU
	EndGlobalSection
	GlobalSection(SolutionProperties) = preSolution
		HideSolutionNode = FALSE
	EndGlobalSection
	GlobalSection(ExtensibilityGlobals) = postSolution
		SolutionGuid = {02B34F87-2259-469A-963D-8FFB10DE8816}
	EndGlobalSection
EndGlobal
